
Microsoft Visual Studio Solution File, Format Version 12.00
# Visual Studio Version 17
VisualStudioVersion = 17.8.34330.188
MinimumVisualStudioVersion = 10.0.40219.1
Project("{8BC9CEB8-8B4A-11D0-8D11-00A0C91BC942}") = "Project8", "Project8\Project8.vcxproj", "{B69531E2-6C25-49F2-A864-2DA432242AF3}"
EndProject
Global
	GlobalSection(SolutionConfigurationPlatforms) = preSolution
		Debug|x64 = Debug|x64
		Debug|x86 = Debug|x86
		Release|x64 = Release|x64
		Release|x86 = Release|x86
	EndGlobalSection
	GlobalSection(ProjectConfigurationPlatforms) = postSolution
		{B69531E2-6C25-49F2-A864-2DA432242AF3}.Debug|x64.ActiveCfg = Debug|x64
		{B69531E2-6C25-49F2-A864-2DA432242AF3}.Debug|x64.Build.0 = Debug|x64
		{B69531E2-6C25-49F2-A864-2DA432242AF3}.Debug|x86.ActiveCfg = Debug|Win32
		{B69531E2-6C25-49F2-A864-2DA432242AF3}.Debug|x86.Build.0 = Debug|Win32
		{B69531E2-6C25-49F2-A864-2DA432242AF3}.Release|x64.ActiveCfg = Release|x64
		{B69531E2-6C25-49F2-A864-2DA432242AF3}.Release|x64.Build.0 = Release|x64
		{B69531E2-6C25-49F2-A864-2DA432242AF3}.Release|x86.ActiveCfg = Release|Win32
		{B69531E2-6C25-49F2-A864-2DA432242AF3}.Release|x86.Build.0 = Release|Win32
	EndGlobalSection
	GlobalSection(SolutionProperties) = preSolution
		HideSolutionNode = FALSE
	EndGlobalSection
	GlobalSection(ExtensibilityGlobals) = postSolution
		SolutionGuid = {31EE8AB7-9257-421A-A6F0-AA6E3A4D806D}
	EndGlobalSection
EndGlobal
